
Microsoft Visual Studio Solution File, Format Version 12.00
# Visual Studio Version 17
VisualStudioVersion = 17.13.35931.197 d17.13
MinimumVisualStudioVersion = 10.0.40219.1
Project("{FAE04EC0-301F-11D3-BF4B-00C04F79EFBC}") = "EjerciciosPropuestos4", "EjerciciosPropuestos4\EjerciciosPropuestos4.csproj", "{A3261C64-37D7-4728-9EA6-B1C3136AD653}"
EndProject
Global
	GlobalSection(SolutionConfigurationPlatforms) = preSolution
		Debug|Any CPU = Debug|Any CPU
		Release|Any CPU = Release|Any CPU
	EndGlobalSection
	GlobalSection(ProjectConfigurationPlatforms) = postSolution
		{A3261C64-37D7-4728-9EA6-B1C3136AD653}.Debug|Any CPU.ActiveCfg = Debug|Any CPU
		{A3261C64-37D7-4728-9EA6-B1C3136AD653}.Debug|Any CPU.Build.0 = Debug|Any CPU
		{A3261C64-37D7-4728-9EA6-B1C3136AD653}.Release|Any CPU.ActiveCfg = Release|Any CPU
		{A3261C64-37D7-4728-9EA6-B1C3136AD653}.Release|Any CPU.Build.0 = Release|Any CPU
	EndGlobalSection
	GlobalSection(SolutionProperties) = preSolution
		HideSolutionNode = FALSE
	EndGlobalSection
	GlobalSection(ExtensibilityGlobals) = postSolution
		SolutionGuid = {D7CE5E38-F0C7-4A3C-80BB-9207CDD9E83E}
	EndGlobalSection
EndGlobal
